// !$*UTF8*$!
{
	archiveVersion = 1;
	classes = {
	};
	objectVersion = 46;
	objects = {

/* Begin PBXBuildFile section */
		1CBDFBAC1A291443006B8A7E /* TestFile.html in Resources */ = {isa = PBXBuildFile; fileRef = 1CBDFBAB1A291443006B8A7E /* TestFile.html */; };
		1CE6957A1A24241C00B2FB4A /* main.m in Sources */ = {isa = PBXBuildFile; fileRef = 1CE695791A24241C00B2FB4A /* main.m */; };
		1CE6957D1A24241C00B2FB4A /* AppDelegate.m in Sources */ = {isa = PBXBuildFile; fileRef = 1CE6957C1A24241C00B2FB4A /* AppDelegate.m */; };
		1CE695801A24241C00B2FB4A /* ViewController.m in Sources */ = {isa = PBXBuildFile; fileRef = 1CE6957F1A24241C00B2FB4A /* ViewController.m */; };
		1CE695831A24241C00B2FB4A /* Main.storyboard in Resources */ = {isa = PBXBuildFile; fileRef = 1CE695811A24241C00B2FB4A /* Main.storyboard */; };
		1CE695851A24241C00B2FB4A /* Images.xcassets in Resources */ = {isa = PBXBuildFile; fileRef = 1CE695841A24241C00B2FB4A /* Images.xcassets */; };
		1CE695881A24241C00B2FB4A /* LaunchScreen.xib in Resources */ = {isa = PBXBuildFile; fileRef = 1CE695861A24241C00B2FB4A /* LaunchScreen.xib */; };
		1CE695941A24241C00B2FB4A /* WKWebViewExampleTests.m in Sources */ = {isa = PBXBuildFile; fileRef = 1CE695931A24241C00B2FB4A /* WKWebViewExampleTests.m */; };
		1CEE5A051A33689E005196AB /* ClickMeEventRegister.js in Resources */ = {isa = PBXBuildFile; fileRef = 1CEE5A041A33689E005196AB /* ClickMeEventRegister.js */; };
		1CEE5A061A33689E005196AB /* ClickMeEventRegister.js in Resources */ = {isa = PBXBuildFile; fileRef = 1CEE5A041A33689E005196AB /* ClickMeEventRegister.js */; };
/* End PBXBuildFile section */

/* Begin PBXContainerItemProxy section */
		1CE6958E1A24241C00B2FB4A /* PBXContainerItemProxy */ = {
			isa = PBXContainerItemProxy;
			containerPortal = 1CE6956C1A24241C00B2FB4A /* Project object */;
			proxyType = 1;
			remoteGlobalIDString = 1CE695731A24241C00B2FB4A;
			remoteInfo = WKWebViewExample;
		};
/* End PBXContainerItemProxy section */

/* Begin PBXFileReference section */
		1CBDFBAB1A291443006B8A7E /* TestFile.html */ = {isa = PBXFileReference; fileEncoding = 4; lastKnownFileType = text.html; path = TestFile.html; sourceTree = "<group>"; };
		1CE695741A24241C00B2FB4A /* WKWebViewExample.app */ = {isa = PBXFileReference; explicitFileType = wrapper.application; includeInIndex = 0; path = WKWebViewExample.app; sourceTree = BUILT_PRODUCTS_DIR; };
		1CE695781A24241C00B2FB4A /* Info.plist */ = {isa = PBXFileReference; lastKnownFileType = text.plist.xml; path = Info.plist; sourceTree = "<group>"; };
		1CE695791A24241C00B2FB4A /* main.m */ = {isa = PBXFileReference; lastKnownFileType = sourcecode.c.objc; path = main.m; sourceTree = "<group>"; };
		1CE6957B1A24241C00B2FB4A /* AppDelegate.h */ = {isa = PBXFileReference; lastKnownFileType = sourcecode.c.h; path = AppDelegate.h; sourceTree = "<group>"; };
		1CE6957C1A24241C00B2FB4A /* AppDelegate.m */ = {isa = PBXFileReference; lastKnownFileType = sourcecode.c.objc; path = AppDelegate.m; sourceTree = "<group>"; };
		1CE6957E1A24241C00B2FB4A /* ViewController.h */ = {isa = PBXFileReference; lastKnownFileType = sourcecode.c.h; path = ViewController.h; sourceTree = "<group>"; };
		1CE6957F1A24241C00B2FB4A /* ViewController.m */ = {isa = PBXFileReference; lastKnownFileType = sourcecode.c.objc; path = ViewController.m; sourceTree = "<group>"; };
		1CE695821A24241C00B2FB4A /* Base */ = {isa = PBXFileReference; lastKnownFileType = file.storyboard; name = Base; path = Base.lproj/Main.storyboard; sourceTree = "<group>"; };
		1CE695841A24241C00B2FB4A /* Images.xcassets */ = {isa = PBXFileReference; lastKnownFileType = folder.assetcatalog; path = Images.xcassets; sourceTree = "<group>"; };
		1CE695871A24241C00B2FB4A /* Base */ = {isa = PBXFileReference; lastKnownFileType = file.xib; name = Base; path = Base.lproj/LaunchScreen.xib; sourceTree = "<group>"; };
		1CE6958D1A24241C00B2FB4A /* WKWebViewExampleTests.xctest */ = {isa = PBXFileReference; explicitFileType = wrapper.cfbundle; includeInIndex = 0; path = WKWebViewExampleTests.xctest; sourceTree = BUILT_PRODUCTS_DIR; };
		1CE695921A24241C00B2FB4A /* Info.plist */ = {isa = PBXFileReference; lastKnownFileType = text.plist.xml; path = Info.plist; sourceTree = "<group>"; };
		1CE695931A24241C00B2FB4A /* WKWebViewExampleTests.m */ = {isa = PBXFileReference; lastKnownFileType = sourcecode.c.objc; path = WKWebViewExampleTests.m; sourceTree = "<group>"; };
		1CEE5A041A33689E005196AB /* ClickMeEventRegister.js */ = {isa = PBXFileReference; fileEncoding = 4; lastKnownFileType = sourcecode.javascript; path = ClickMeEventRegister.js; sourceTree = "<group>"; };
/* End PBXFileReference section */

/* Begin PBXFrameworksBuildPhase section */
		1CE695711A24241C00B2FB4A /* Frameworks */ = {
			isa = PBXFrameworksBuildPhase;
			buildActionMask = 2147483647;
			files = (
			);
			runOnlyForDeploymentPostprocessing = 0;
		};
		1CE6958A1A24241C00B2FB4A /* Frameworks */ = {
			isa = PBXFrameworksBuildPhase;
			buildActionMask = 2147483647;
			files = (
			);
			runOnlyForDeploymentPostprocessing = 0;
		};
/* End PBXFrameworksBuildPhase section */

/* Begin PBXGroup section */
		1CE6956B1A24241C00B2FB4A = {
			isa = PBXGroup;
			children = (
				1CE695761A24241C00B2FB4A /* WKWebViewExample */,
				1CE695901A24241C00B2FB4A /* WKWebViewExampleTests */,
				1CE695751A24241C00B2FB4A /* Products */,
			);
			sourceTree = "<group>";
		};
		1CE695751A24241C00B2FB4A /* Products */ = {
			isa = PBXGroup;
			children = (
				1CE695741A24241C00B2FB4A /* WKWebViewExample.app */,
				1CE6958D1A24241C00B2FB4A /* WKWebViewExampleTests.xctest */,
			);
			name = Products;
			sourceTree = "<group>";
		};
		1CE695761A24241C00B2FB4A /* WKWebViewExample */ = {
			isa = PBXGroup;
			children = (
				1CE6957B1A24241C00B2FB4A /* AppDelegate.h */,
				1CE6957C1A24241C00B2FB4A /* AppDelegate.m */,
				1CE6957E1A24241C00B2FB4A /* ViewController.h */,
				1CE6957F1A24241C00B2FB4A /* ViewController.m */,
				1CE695811A24241C00B2FB4A /* Main.storyboard */,
				1CE695841A24241C00B2FB4A /* Images.xcassets */,
				1CE695861A24241C00B2FB4A /* LaunchScreen.xib */,
				1CE695771A24241C00B2FB4A /* Supporting Files */,
			);
			path = WKWebViewExample;
			sourceTree = "<group>";
		};
		1CE695771A24241C00B2FB4A /* Supporting Files */ = {
			isa = PBXGroup;
			children = (
				1CE695781A24241C00B2FB4A /* Info.plist */,
				1CE695791A24241C00B2FB4A /* main.m */,
				1CBDFBAB1A291443006B8A7E /* TestFile.html */,
				1CEE5A041A33689E005196AB /* ClickMeEventRegister.js */,
			);
			name = "Supporting Files";
			sourceTree = "<group>";
		};
		1CE695901A24241C00B2FB4A /* WKWebViewExampleTests */ = {
			isa = PBXGroup;
			children = (
				1CE695931A24241C00B2FB4A /* WKWebViewExampleTests.m */,
				1CE695911A24241C00B2FB4A /* Supporting Files */,
			);
			path = WKWebViewExampleTests;
			sourceTree = "<group>";
		};
		1CE695911A24241C00B2FB4A /* Supporting Files */ = {
			isa = PBXGroup;
			children = (
				1CE695921A24241C00B2FB4A /* Info.plist */,
			);
			name = "Supporting Files";
			sourceTree = "<group>";
		};
/* End PBXGroup section */

/* Begin PBXNativeTarget section */
		1CE695731A24241C00B2FB4A /* WKWebViewExample */ = {
			isa = PBXNativeTarget;
			buildConfigurationList = 1CE695971A24241C00B2FB4A /* Build configuration list for PBXNativeTarget "WKWebViewExample" */;
			buildPhases = (
				1CE695701A24241C00B2FB4A /* Sources */,
				1CE695711A24241C00B2FB4A /* Frameworks */,
				1CE695721A24241C00B2FB4A /* Resources */,
			);
			buildRules = (
			);
			dependencies = (
			);
			name = WKWebViewExample;
			productName = WKWebViewExample;
			productReference = 1CE695741A24241C00B2FB4A /* WKWebViewExample.app */;
			productType = "com.apple.product-type.application";
		};
		1CE6958C1A24241C00B2FB4A /* WKWebViewExampleTests */ = {
			isa = PBXNativeTarget;
			buildConfigurationList = 1CE6959A1A24241C00B2FB4A /* Build configuration list for PBXNativeTarget "WKWebViewExampleTests" */;
			buildPhases = (
				1CE695891A24241C00B2FB4A /* Sources */,
				1CE6958A1A24241C00B2FB4A /* Frameworks */,
				1CE6958B1A24241C00B2FB4A /* Resources */,
			);
			buildRules = (
			);
			dependencies = (
				1CE6958F1A24241C00B2FB4A /* PBXTargetDependency */,
			);
			name = WKWebViewExampleTests;
			productName = WKWebViewExampleTests;
			productReference = 1CE6958D1A24241C00B2FB4A /* WKWebViewExampleTests.xctest */;
			productType = "com.apple.product-type.bundle.unit-test";
		};
/* End PBXNativeTarget section */

/* Begin PBXProject section */
		1CE6956C1A24241C00B2FB4A /* Project object */ = {
			isa = PBXProject;
			attributes = {
				LastUpgradeCheck = 0610;
				ORGANIZATIONNAME = "Lunaria Software LLC";
				TargetAttributes = {
					1CE695731A24241C00B2FB4A = {
						CreatedOnToolsVersion = 6.1;
					};
					1CE6958C1A24241C00B2FB4A = {
						CreatedOnToolsVersion = 6.1;
						TestTargetID = 1CE695731A24241C00B2FB4A;
					};
				};
			};
			buildConfigurationList = 1CE6956F1A24241C00B2FB4A /* Build configuration list for PBXProject "WKWebViewExample" */;
			compatibilityVersion = "Xcode 3.2";
			developmentRegion = English;
			hasScannedForEncodings = 0;
			knownRegions = (
				en,
				Base,
			);
			mainGroup = 1CE6956B1A24241C00B2FB4A;
			productRefGroup = 1CE695751A24241C00B2FB4A /* Products */;
			projectDirPath = "";
			projectRoot = "";
			targets = (
				1CE695731A24241C00B2FB4A /* WKWebViewExample */,
				1CE6958C1A24241C00B2FB4A /* WKWebViewExampleTests */,
			);
		};
/* End PBXProject section */

/* Begin PBXResourcesBuildPhase section */
		1CE695721A24241C00B2FB4A /* Resources */ = {
			isa = PBXResourcesBuildPhase;
			buildActionMask = 2147483647;
			files = (
				1CEE5A051A33689E005196AB /* ClickMeEventRegister.js in Resources */,
				1CBDFBAC1A291443006B8A7E /* TestFile.html in Resources */,
				1CE695831A24241C00B2FB4A /* Main.storyboard in Resources */,
				1CE695881A24241C00B2FB4A /* LaunchScreen.xib in Resources */,
				1CE695851A24241C00B2FB4A /* Images.xcassets in Resources */,
			);
			runOnlyForDeploymentPostprocessing = 0;
		};
		1CE6958B1A24241C00B2FB4A /* Resources */ = {
			isa = PBXResourcesBuildPhase;
			buildActionMask = 2147483647;
			files = (
				1CEE5A061A33689E005196AB /* ClickMeEventRegister.js in Resources */,
			);
			runOnlyForDeploymentPostprocessing = 0;
		};
/* End PBXResourcesBuildPhase section */

/* Begin PBXSourcesBuildPhase section */
		1CE695701A24241C00B2FB4A /* Sources */ = {
			isa = PBXSourcesBuildPhase;
			buildActionMask = 2147483647;
			files = (
				1CE695801A24241C00B2FB4A /* ViewController.m in Sources */,
				1CE6957D1A24241C00B2FB4A /* AppDelegate.m in Sources */,
				1CE6957A1A24241C00B2FB4A /* main.m in Sources */,
			);
			runOnlyForDeploymentPostprocessing = 0;
		};
		1CE695891A24241C00B2FB4A /* Sources */ = {
			isa = PBXSourcesBuildPhase;
			buildActionMask = 2147483647;
			files = (
				1CE695941A24241C00B2FB4A /* WKWebViewExampleTests.m in Sources */,
			);
			runOnlyForDeploymentPostprocessing = 0;
		};
/* End PBXSourcesBuildPhase section */

/* Begin PBXTargetDependency section */
		1CE6958F1A24241C00B2FB4A /* PBXTargetDependency */ = {
			isa = PBXTargetDependency;
			target = 1CE695731A24241C00B2FB4A /* WKWebViewExample */;
			targetProxy = 1CE6958E1A24241C00B2FB4A /* PBXContainerItemProxy */;
		};
/* End PBXTargetDependency section */

/* Begin PBXVariantGroup section */
		1CE695811A24241C00B2FB4A /* Main.storyboard */ = {
			isa = PBXVariantGroup;
			children = (
				1CE695821A24241C00B2FB4A /* Base */,
			);
			name = Main.storyboard;
			sourceTree = "<group>";
		};
		1CE695861A24241C00B2FB4A /* LaunchScreen.xib */ = {
			isa = PBXVariantGroup;
			children = (
				1CE695871A24241C00B2FB4A /* Base */,
			);
			name = LaunchScreen.xib;
			sourceTree = "<group>";
		};
/* End PBXVariantGroup section */

/* Begin XCBuildConfiguration section */
		1CE695951A24241C00B2FB4A /* Debug */ = {
			isa = XCBuildConfiguration;
			buildSettings = {
				ALWAYS_SEARCH_USER_PATHS = NO;
				CLANG_CXX_LANGUAGE_STANDARD = "gnu++0x";
				CLANG_CXX_LIBRARY = "libc++";
				CLANG_ENABLE_MODULES = YES;
				CLANG_ENABLE_OBJC_ARC = YES;
				CLANG_WARN_BOOL_CONVERSION = YES;
				CLANG_WARN_CONSTANT_CONVERSION = YES;
				CLANG_WARN_DIRECT_OBJC_ISA_USAGE = YES_ERROR;
				CLANG_WARN_EMPTY_BODY = YES;
				CLANG_WARN_ENUM_CONVERSION = YES;
				CLANG_WARN_INT_CONVERSION = YES;
				CLANG_WARN_OBJC_ROOT_CLASS = YES_ERROR;
				CLANG_WARN_UNREACHABLE_CODE = YES;
				CLANG_WARN__DUPLICATE_METHOD_MATCH = YES;
				"CODE_SIGN_IDENTITY[sdk=iphoneos*]" = "iPhone Developer";
				COPY_PHASE_STRIP = NO;
				ENABLE_STRICT_OBJC_MSGSEND = YES;
				GCC_C_LANGUAGE_STANDARD = gnu99;
				GCC_DYNAMIC_NO_PIC = NO;
				GCC_OPTIMIZATION_LEVEL = 0;
				GCC_PREPROCESSOR_DEFINITIONS = (
					"DEBUG=1",
					"$(inherited)",
				);
				GCC_SYMBOLS_PRIVATE_EXTERN = NO;
				GCC_WARN_64_TO_32_BIT_CONVERSION = YES;
				GCC_WARN_ABOUT_RETURN_TYPE = YES_ERROR;
				GCC_WARN_UNDECLARED_SELECTOR = YES;
				GCC_WARN_UNINITIALIZED_AUTOS = YES_AGGRESSIVE;
				GCC_WARN_UNUSED_FUNCTION = YES;
				GCC_WARN_UNUSED_VARIABLE = YES;
				IPHONEOS_DEPLOYMENT_TARGET = 8.1;
				MTL_ENABLE_DEBUG_INFO = YES;
				ONLY_ACTIVE_ARCH = YES;
				SDKROOT = iphoneos;
			};
			name = Debug;
		};
		1CE695961A24241C00B2FB4A /* Release */ = {
			isa = XCBuildConfiguration;
			buildSettings = {
				ALWAYS_SEARCH_USER_PATHS = NO;
				CLANG_CXX_LANGUAGE_STANDARD = "gnu++0x";
				CLANG_CXX_LIBRARY = "libc++";
				CLANG_ENABLE_MODULES = YES;
				CLANG_ENABLE_OBJC_ARC = YES;
				CLANG_WARN_BOOL_CONVERSION = YES;
				CLANG_WARN_CONSTANT_CONVERSION = YES;
				CLANG_WARN_DIRECT_OBJC_ISA_USAGE = YES_ERROR;
				CLANG_WARN_EMPTY_BODY = YES;
				CLANG_WARN_ENUM_CONVERSION = YES;
				CLANG_WARN_INT_CONVERSION = YES;
				CLANG_WARN_OBJC_ROOT_CLASS = YES_ERROR;
				CLANG_WARN_UNREACHABLE_CODE = YES;
				CLANG_WARN__DUPLICATE_METHOD_MATCH = YES;
				"CODE_SIGN_IDENTITY[sdk=iphoneos*]" = "iPhone Developer";
				COPY_PHASE_STRIP = YES;
				ENABLE_NS_ASSERTIONS = NO;
				ENABLE_STRICT_OBJC_MSGSEND = YES;
				GCC_C_LANGUAGE_STANDARD = gnu99;
				GCC_WARN_64_TO_32_BIT_CONVERSION = YES;
				GCC_WARN_ABOUT_RETURN_TYPE = YES_ERROR;
				GCC_WARN_UNDECLARED_SELECTOR = YES;
				GCC_WARN_UNINITIALIZED_AUTOS = YES_AGGRESSIVE;
				GCC_WARN_UNUSED_FUNCTION = YES;
				GCC_WARN_UNUSED_VARIABLE = YES;
				IPHONEOS_DEPLOYMENT_TARGET = 8.1;
				MTL_ENABLE_DEBUG_INFO = NO;
				SDKROOT = iphoneos;
				VALIDATE_PRODUCT = YES;
			};
			name = Release;
		};
		1CE695981A24241C00B2FB4A /* Debug */ = {
			isa = XCBuildConfiguration;
			buildSettings = {
				ASSETCATALOG_COMPILER_APPICON_NAME = AppIcon;
				INFOPLIST_FILE = WKWebViewExample/Info.plist;
				LD_RUNPATH_SEARCH_PATHS = "$(inherited) @executable_path/Frameworks";
				PRODUCT_NAME = "$(TARGET_NAME)";
			};
			name = Debug;
		};
		1CE695991A24241C00B2FB4A /* Release */ = {
			isa = XCBuildConfiguration;
			buildSettings = {
				ASSETCATALOG_COMPILER_APPICON_NAME = AppIcon;
				INFOPLIST_FILE = WKWebViewExample/Info.plist;
				LD_RUNPATH_SEARCH_PATHS = "$(inherited) @executable_path/Frameworks";
				PRODUCT_NAME = "$(TARGET_NAME)";
			};
			name = Release;
		};
		1CE6959B1A24241C00B2FB4A /* Debug */ = {
			isa = XCBuildConfiguration;
			buildSettings = {
				BUNDLE_LOADER = "$(TEST_HOST)";
				FRAMEWORK_SEARCH_PATHS = (
					"$(SDKROOT)/Developer/Library/Frameworks",
					"$(inherited)",
				);
				GCC_PREPROCESSOR_DEFINITIONS = (
					"DEBUG=1",
					"$(inherited)",
				);
				INFOPLIST_FILE = WKWebViewExampleTests/Info.plist;
				LD_RUNPATH_SEARCH_PATHS = "$(inherited) @executable_path/Frameworks @loader_path/Frameworks";
				PRODUCT_NAME = "$(TARGET_NAME)";
				TEST_HOST = "$(BUILT_PRODUCTS_DIR)/WKWebViewExample.app/WKWebViewExample";
			};
			name = Debug;
		};
		1CE6959C1A24241C00B2FB4A /* Release */ = {
			isa = XCBuildConfiguration;
			buildSettings = {
				BUNDLE_LOADER = "$(TEST_HOST)";
				FRAMEWORK_SEARCH_PATHS = (
					"$(SDKROOT)/Developer/Library/Frameworks",
					"$(inherited)",
				);
				INFOPLIST_FILE = WKWebViewExampleTests/Info.plist;
				LD_RUNPATH_SEARCH_PATHS = "$(inherited) @executable_path/Frameworks @loader_path/Frameworks";
				PRODUCT_NAME = "$(TARGET_NAME)";
				TEST_HOST = "$(BUILT_PRODUCTS_DIR)/WKWebViewExample.app/WKWebViewExample";
			};
			name = Release;
		};
/* End XCBuildConfiguration section */

/* Begin XCConfigurationList section */
		1CE6956F1A24241C00B2FB4A /* Build configuration list for PBXProject "WKWebViewExample" */ = {
			isa = XCConfigurationList;
			buildConfigurations = (
				1CE695951A24241C00B2FB4A /* Debug */,
				1CE695961A24241C00B2FB4A /* Release */,
			);
			defaultConfigurationIsVisible = 0;
			defaultConfigurationName = Release;
		};
		1CE695971A24241C00B2FB4A /* Build configuration list for PBXNativeTarget "WKWebViewExample" */ = {
			isa = XCConfigurationList;
			buildConfigurations = (
				1CE695981A24241C00B2FB4A /* Debug */,
				1CE695991A24241C00B2FB4A /* Release */,
			);
			defaultConfigurationIsVisible = 0;
			defaultConfigurationName = Release;
		};
		1CE6959A1A24241C00B2FB4A /* Build configuration list for PBXNativeTarget "WKWebViewExampleTests" */ = {
			isa = XCConfigurationList;
			buildConfigurations = (
				1CE6959B1A24241C00B2FB4A /* Debug */,
				1CE6959C1A24241C00B2FB4A /* Release */,
			);
			defaultConfigurationIsVisible = 0;
			defaultConfigurationName = Release;
		};
/* End XCConfigurationList section */
	};
	rootObject = 1CE6956C1A24241C00B2FB4A /* Project object */;
}
